
Microsoft Visual Studio Solution File, Format Version 15.00
# Visual Studio 2017
Project("{FAE04EC0-301F-11D3-BF4B-00C04F79EFBC}") = "HelloGalaxy", "HelloGalaxy.csproj", "{4183BFBA-652D-4C15-9F02-A7CE19BA5CED}"
EndProject
Global
	GlobalSection(SolutionConfigurationPlatforms) = preSolution
		Debug|Any CPU = Debug|Any CPU
		Release|Any CPU = Release|Any CPU
	EndGlobalSection
	GlobalSection(ProjectConfigurationPlatforms) = postSolution
		{4183BFBA-652D-4C15-9F02-A7CE19BA5CED}.Debug|Any CPU.ActiveCfg = Debug|Any CPU
		{4183BFBA-652D-4C15-9F02-A7CE19BA5CED}.Debug|Any CPU.Build.0 = Debug|Any CPU
		{4183BFBA-652D-4C15-9F02-A7CE19BA5CED}.Release|Any CPU.ActiveCfg = Release|Any CPU
		{4183BFBA-652D-4C15-9F02-A7CE19BA5CED}.Release|Any CPU.Build.0 = Release|Any CPU
	EndGlobalSection
EndGlobal
